
Microsoft Visual Studio Solution File, Format Version 12.00
# Visual Studio 15
VisualStudioVersion = 15.0.28307.1340
MinimumVisualStudioVersion = 10.0.40219.1
Project("{FAE04EC0-301F-11D3-BF4B-00C04F79EFBC}") = "HR_Picks", "HR_Picks\HR_Picks.csproj", "{4A1CE395-B668-4DF6-A69A-FE7F041810F3}"
EndProject
Global
	GlobalSection(SolutionConfigurationPlatforms) = preSolution
		Debug|Any CPU = Debug|Any CPU
		Release|Any CPU = Release|Any CPU
	EndGlobalSection
	GlobalSection(ProjectConfigurationPlatforms) = postSolution
		{4A1CE395-B668-4DF6-A69A-FE7F041810F3}.Debug|Any CPU.ActiveCfg = Debug|Any CPU
		{4A1CE395-B668-4DF6-A69A-FE7F041810F3}.Debug|Any CPU.Build.0 = Debug|Any CPU
		{4A1CE395-B668-4DF6-A69A-FE7F041810F3}.Release|Any CPU.ActiveCfg = Release|Any CPU
		{4A1CE395-B668-4DF6-A69A-FE7F041810F3}.Release|Any CPU.Build.0 = Release|Any CPU
	EndGlobalSection
	GlobalSection(SolutionProperties) = preSolution
		HideSolutionNode = FALSE
	EndGlobalSection
	GlobalSection(ExtensibilityGlobals) = postSolution
		SolutionGuid = {6D48CA47-1A0C-4EF4-9EA1-6FB449474B7D}
	EndGlobalSection
EndGlobal
